
Microsoft Visual Studio Solution File, Format Version 12.00
# Visual Studio Version 16
VisualStudioVersion = 16.0.31105.61
MinimumVisualStudioVersion = 10.0.40219.1
Project("{FAE04EC0-301F-11D3-BF4B-00C04F79EFBC}") = "CodeGenerator", "CodeGenerator\CodeGenerator.csproj", "{8CCCE98B-937F-40D8-80BB-72C7F20DFEE5}"
EndProject
Project("{8BC9CEB8-8B4A-11D0-8D11-00A0C91BC942}") = "ConfigTest", "ConfigTest\ConfigTest.vcxproj", "{24AAED69-3B75-4781-A590-961FCCDBB131}"
EndProject
Project("{FAE04EC0-301F-11D3-BF4B-00C04F79EFBC}") = "CodeGeneratorTest", "CodeGeneratorTest\CodeGeneratorTest.csproj", "{ECE79366-AF69-4F2F-8B04-E470EF5C4076}"
EndProject
Project("{FAE04EC0-301F-11D3-BF4B-00C04F79EFBC}") = "CPPParser", "CodeGenerator\ConsoleApp2\CPPParser.csproj", "{1F805E85-0449-4037-8FB7-082163AE14FF}"
EndProject
Project("{FAE04EC0-301F-11D3-BF4B-00C04F79EFBC}") = "CPPParserTest", "CPPParserTest\CPPParserTest.csproj", "{B824EF39-0B8E-41C0-927D-BEF5667AEEA7}"
EndProject
Project("{FAE04EC0-301F-11D3-BF4B-00C04F79EFBC}") = "MyCPPParser", "MyCPPParser\MyCPPParser.csproj", "{49FC3374-D932-4516-8DC1-DD2B06FAE71E}"
EndProject
Project("{9A19103F-16F7-4668-BE54-9A1E7A4F7556}") = "ClangSharp", "ClangSharp-main\sources\ClangSharp\ClangSharp.csproj", "{E8C58702-EC41-4B9F-A293-D4B6DF43652F}"
EndProject
Project("{9A19103F-16F7-4668-BE54-9A1E7A4F7556}") = "ClangSharp.PInvokeGenerator", "ClangSharp-main\sources\ClangSharp.PInvokeGenerator\ClangSharp.PInvokeGenerator.csproj", "{9C157A13-4B54-4F46-9272-195A60FB94C9}"
EndProject
Project("{9A19103F-16F7-4668-BE54-9A1E7A4F7556}") = "ClangSharpPInvokeGenerator", "ClangSharp-main\sources\ClangSharpPInvokeGenerator\ClangSharpPInvokeGenerator.csproj", "{E39C23B4-5850-4B64-A800-DCEACDD13E2E}"
EndProject
Project("{9A19103F-16F7-4668-BE54-9A1E7A4F7556}") = "CgenCmakeGui", "CgenCmakeGui\CgenCmakeGui.csproj", "{43A1AAFE-5E06-4194-A819-DB173E8C56A1}"
EndProject
Project("{9A19103F-16F7-4668-BE54-9A1E7A4F7556}") = "CgenCmakeLibrary", "CgenCmakeLibrary\CgenCmakeLibrary.csproj", "{EF4625A9-4B3A-4BAD-A4F9-F990A698451E}"
EndProject
Project("{9A19103F-16F7-4668-BE54-9A1E7A4F7556}") = "CgenCmakeTests", "CgenCmakeTests\CgenCmakeTests.csproj", "{0E898CD7-2FEE-496C-8468-7B3C6AE03067}"
EndProject
Project("{9A19103F-16F7-4668-BE54-9A1E7A4F7556}") = "CMDHandler", "CMDHandler\CMDHandler.csproj", "{DD07D2CA-F1E8-461C-ABF1-6A758B7A8D0C}"
EndProject
Project("{9A19103F-16F7-4668-BE54-9A1E7A4F7556}") = "AEIntegrationTestRunningLibrary", "AEIntegrationTestRunningLibrary\AEIntegrationTestRunningLibrary.csproj", "{D4D3D81C-2844-440C-A8E4-EB5A3A8D0ECA}"
EndProject
Project("{9A19103F-16F7-4668-BE54-9A1E7A4F7556}") = "AEIntegrationTestRunningTests", "AEIntegrationTestRunningTests\AEIntegrationTestRunningTests.csproj", "{4944C400-36A4-4C13-BFA6-A3A24453F13B}"
EndProject
Project("{9A19103F-16F7-4668-BE54-9A1E7A4F7556}") = "CgenCompileLibrary", "CgenCompileLibrary\CgenCompileLibrary.csproj", "{CFFA752F-42CC-422C-9AF7-4B090795A8FB}"
EndProject
Project("{9A19103F-16F7-4668-BE54-9A1E7A4F7556}") = "CgenCompileTests", "CgenCompileTests\CgenCompileTests.csproj", "{ECAF459C-9235-4384-A6C7-2B60125B7834}"
EndProject
Global
	GlobalSection(SolutionConfigurationPlatforms) = preSolution
		Debug|Any CPU = Debug|Any CPU
		Debug|x64 = Debug|x64
		Debug|x86 = Debug|x86
		Release|Any CPU = Release|Any CPU
		Release|x64 = Release|x64
		Release|x86 = Release|x86
	EndGlobalSection
	GlobalSection(ProjectConfigurationPlatforms) = postSolution
		{8CCCE98B-937F-40D8-80BB-72C7F20DFEE5}.Debug|Any CPU.ActiveCfg = Debug|Any CPU
		{8CCCE98B-937F-40D8-80BB-72C7F20DFEE5}.Debug|Any CPU.Build.0 = Debug|Any CPU
		{8CCCE98B-937F-40D8-80BB-72C7F20DFEE5}.Debug|x64.ActiveCfg = Debug|Any CPU
		{8CCCE98B-937F-40D8-80BB-72C7F20DFEE5}.Debug|x64.Build.0 = Debug|Any CPU
		{8CCCE98B-937F-40D8-80BB-72C7F20DFEE5}.Debug|x86.ActiveCfg = Debug|Any CPU
		{8CCCE98B-937F-40D8-80BB-72C7F20DFEE5}.Debug|x86.Build.0 = Debug|Any CPU
		{8CCCE98B-937F-40D8-80BB-72C7F20DFEE5}.Release|Any CPU.ActiveCfg = Release|Any CPU
		{8CCCE98B-937F-40D8-80BB-72C7F20DFEE5}.Release|Any CPU.Build.0 = Release|Any CPU
		{8CCCE98B-937F-40D8-80BB-72C7F20DFEE5}.Release|x64.ActiveCfg = Release|Any CPU
		{8CCCE98B-937F-40D8-80BB-72C7F20DFEE5}.Release|x64.Build.0 = Release|Any CPU
		{8CCCE98B-937F-40D8-80BB-72C7F20DFEE5}.Release|x86.ActiveCfg = Release|Any CPU
		{8CCCE98B-937F-40D8-80BB-72C7F20DFEE5}.Release|x86.Build.0 = Release|Any CPU
		{24AAED69-3B75-4781-A590-961FCCDBB131}.Debug|Any CPU.ActiveCfg = Debug|Win32
		{24AAED69-3B75-4781-A590-961FCCDBB131}.Debug|x64.ActiveCfg = Debug|x64
		{24AAED69-3B75-4781-A590-961FCCDBB131}.Debug|x64.Build.0 = Debug|x64
		{24AAED69-3B75-4781-A590-961FCCDBB131}.Debug|x86.ActiveCfg = Debug|Win32
		{24AAED69-3B75-4781-A590-961FCCDBB131}.Debug|x86.Build.0 = Debug|Win32
		{24AAED69-3B75-4781-A590-961FCCDBB131}.Release|Any CPU.ActiveCfg = Release|Win32
		{24AAED69-3B75-4781-A590-961FCCDBB131}.Release|x64.ActiveCfg = Release|x64
		{24AAED69-3B75-4781-A590-961FCCDBB131}.Release|x64.Build.0 = Release|x64
		{24AAED69-3B75-4781-A590-961FCCDBB131}.Release|x86.ActiveCfg = Release|Win32
		{24AAED69-3B75-4781-A590-961FCCDBB131}.Release|x86.Build.0 = Release|Win32
		{ECE79366-AF69-4F2F-8B04-E470EF5C4076}.Debug|Any CPU.ActiveCfg = Debug|Any CPU
		{ECE79366-AF69-4F2F-8B04-E470EF5C4076}.Debug|Any CPU.Build.0 = Debug|Any CPU
		{ECE79366-AF69-4F2F-8B04-E470EF5C4076}.Debug|x64.ActiveCfg = Debug|Any CPU
		{ECE79366-AF69-4F2F-8B04-E470EF5C4076}.Debug|x64.Build.0 = Debug|Any CPU
		{ECE79366-AF69-4F2F-8B04-E470EF5C4076}.Debug|x86.ActiveCfg = Debug|Any CPU
		{ECE79366-AF69-4F2F-8B04-E470EF5C4076}.Debug|x86.Build.0 = Debug|Any CPU
		{ECE79366-AF69-4F2F-8B04-E470EF5C4076}.Release|Any CPU.ActiveCfg = Release|Any CPU
		{ECE79366-AF69-4F2F-8B04-E470EF5C4076}.Release|Any CPU.Build.0 = Release|Any CPU
		{ECE79366-AF69-4F2F-8B04-E470EF5C4076}.Release|x64.ActiveCfg = Release|Any CPU
		{ECE79366-AF69-4F2F-8B04-E470EF5C4076}.Release|x64.Build.0 = Release|Any CPU
		{ECE79366-AF69-4F2F-8B04-E470EF5C4076}.Release|x86.ActiveCfg = Release|Any CPU
		{ECE79366-AF69-4F2F-8B04-E470EF5C4076}.Release|x86.Build.0 = Release|Any CPU
		{1F805E85-0449-4037-8FB7-082163AE14FF}.Debug|Any CPU.ActiveCfg = Debug|Any CPU
		{1F805E85-0449-4037-8FB7-082163AE14FF}.Debug|Any CPU.Build.0 = Debug|Any CPU
		{1F805E85-0449-4037-8FB7-082163AE14FF}.Debug|x64.ActiveCfg = Debug|x64
		{1F805E85-0449-4037-8FB7-082163AE14FF}.Debug|x64.Build.0 = Debug|x64
		{1F805E85-0449-4037-8FB7-082163AE14FF}.Debug|x86.ActiveCfg = Debug|Any CPU
		{1F805E85-0449-4037-8FB7-082163AE14FF}.Debug|x86.Build.0 = Debug|Any CPU
		{1F805E85-0449-4037-8FB7-082163AE14FF}.Release|Any CPU.ActiveCfg = Release|Any CPU
		{1F805E85-0449-4037-8FB7-082163AE14FF}.Release|Any CPU.Build.0 = Release|Any CPU
		{1F805E85-0449-4037-8FB7-082163AE14FF}.Release|x64.ActiveCfg = Release|x64
		{1F805E85-0449-4037-8FB7-082163AE14FF}.Release|x64.Build.0 = Release|x64
		{1F805E85-0449-4037-8FB7-082163AE14FF}.Release|x86.ActiveCfg = Release|Any CPU
		{1F805E85-0449-4037-8FB7-082163AE14FF}.Release|x86.Build.0 = Release|Any CPU
		{B824EF39-0B8E-41C0-927D-BEF5667AEEA7}.Debug|Any CPU.ActiveCfg = Debug|Any CPU
		{B824EF39-0B8E-41C0-927D-BEF5667AEEA7}.Debug|Any CPU.Build.0 = Debug|Any CPU
		{B824EF39-0B8E-41C0-927D-BEF5667AEEA7}.Debug|x64.ActiveCfg = Debug|Any CPU
		{B824EF39-0B8E-41C0-927D-BEF5667AEEA7}.Debug|x64.Build.0 = Debug|Any CPU
		{B824EF39-0B8E-41C0-927D-BEF5667AEEA7}.Debug|x86.ActiveCfg = Debug|Any CPU
		{B824EF39-0B8E-41C0-927D-BEF5667AEEA7}.Debug|x86.Build.0 = Debug|Any CPU
		{B824EF39-0B8E-41C0-927D-BEF5667AEEA7}.Release|Any CPU.ActiveCfg = Release|Any CPU
		{B824EF39-0B8E-41C0-927D-BEF5667AEEA7}.Release|Any CPU.Build.0 = Release|Any CPU
		{B824EF39-0B8E-41C0-927D-BEF5667AEEA7}.Release|x64.ActiveCfg = Release|Any CPU
		{B824EF39-0B8E-41C0-927D-BEF5667AEEA7}.Release|x64.Build.0 = Release|Any CPU
		{B824EF39-0B8E-41C0-927D-BEF5667AEEA7}.Release|x86.ActiveCfg = Release|Any CPU
		{B824EF39-0B8E-41C0-927D-BEF5667AEEA7}.Release|x86.Build.0 = Release|Any CPU
		{49FC3374-D932-4516-8DC1-DD2B06FAE71E}.Debug|Any CPU.ActiveCfg = Debug|Any CPU
		{49FC3374-D932-4516-8DC1-DD2B06FAE71E}.Debug|Any CPU.Build.0 = Debug|Any CPU
		{49FC3374-D932-4516-8DC1-DD2B06FAE71E}.Debug|x64.ActiveCfg = Debug|Any CPU
		{49FC3374-D932-4516-8DC1-DD2B06FAE71E}.Debug|x64.Build.0 = Debug|Any CPU
		{49FC3374-D932-4516-8DC1-DD2B06FAE71E}.Debug|x86.ActiveCfg = Debug|Any CPU
		{49FC3374-D932-4516-8DC1-DD2B06FAE71E}.Debug|x86.Build.0 = Debug|Any CPU
		{49FC3374-D932-4516-8DC1-DD2B06FAE71E}.Release|Any CPU.ActiveCfg = Release|Any CPU
		{49FC3374-D932-4516-8DC1-DD2B06FAE71E}.Release|Any CPU.Build.0 = Release|Any CPU
		{49FC3374-D932-4516-8DC1-DD2B06FAE71E}.Release|x64.ActiveCfg = Release|Any CPU
		{49FC3374-D932-4516-8DC1-DD2B06FAE71E}.Release|x64.Build.0 = Release|Any CPU
		{49FC3374-D932-4516-8DC1-DD2B06FAE71E}.Release|x86.ActiveCfg = Release|Any CPU
		{49FC3374-D932-4516-8DC1-DD2B06FAE71E}.Release|x86.Build.0 = Release|Any CPU
		{E8C58702-EC41-4B9F-A293-D4B6DF43652F}.Debug|Any CPU.ActiveCfg = Debug|Any CPU
		{E8C58702-EC41-4B9F-A293-D4B6DF43652F}.Debug|Any CPU.Build.0 = Debug|Any CPU
		{E8C58702-EC41-4B9F-A293-D4B6DF43652F}.Debug|x64.ActiveCfg = Debug|Any CPU
		{E8C58702-EC41-4B9F-A293-D4B6DF43652F}.Debug|x64.Build.0 = Debug|Any CPU
		{E8C58702-EC41-4B9F-A293-D4B6DF43652F}.Debug|x86.ActiveCfg = Debug|Any CPU
		{E8C58702-EC41-4B9F-A293-D4B6DF43652F}.Debug|x86.Build.0 = Debug|Any CPU
		{E8C58702-EC41-4B9F-A293-D4B6DF43652F}.Release|Any CPU.ActiveCfg = Release|Any CPU
		{E8C58702-EC41-4B9F-A293-D4B6DF43652F}.Release|Any CPU.Build.0 = Release|Any CPU
		{E8C58702-EC41-4B9F-A293-D4B6DF43652F}.Release|x64.ActiveCfg = Release|Any CPU
		{E8C58702-EC41-4B9F-A293-D4B6DF43652F}.Release|x64.Build.0 = Release|Any CPU
		{E8C58702-EC41-4B9F-A293-D4B6DF43652F}.Release|x86.ActiveCfg = Release|Any CPU
		{E8C58702-EC41-4B9F-A293-D4B6DF43652F}.Release|x86.Build.0 = Release|Any CPU
		{9C157A13-4B54-4F46-9272-195A60FB94C9}.Debug|Any CPU.ActiveCfg = Debug|Any CPU
		{9C157A13-4B54-4F46-9272-195A60FB94C9}.Debug|Any CPU.Build.0 = Debug|Any CPU
		{9C157A13-4B54-4F46-9272-195A60FB94C9}.Debug|x64.ActiveCfg = Debug|Any CPU
		{9C157A13-4B54-4F46-9272-195A60FB94C9}.Debug|x64.Build.0 = Debug|Any CPU
		{9C157A13-4B54-4F46-9272-195A60FB94C9}.Debug|x86.ActiveCfg = Debug|Any CPU
		{9C157A13-4B54-4F46-9272-195A60FB94C9}.Debug|x86.Build.0 = Debug|Any CPU
		{9C157A13-4B54-4F46-9272-195A60FB94C9}.Release|Any CPU.ActiveCfg = Release|Any CPU
		{9C157A13-4B54-4F46-9272-195A60FB94C9}.Release|Any CPU.Build.0 = Release|Any CPU
		{9C157A13-4B54-4F46-9272-195A60FB94C9}.Release|x64.ActiveCfg = Release|Any CPU
		{9C157A13-4B54-4F46-9272-195A60FB94C9}.Release|x64.Build.0 = Release|Any CPU
		{9C157A13-4B54-4F46-9272-195A60FB94C9}.Release|x86.ActiveCfg = Release|Any CPU
		{9C157A13-4B54-4F46-9272-195A60FB94C9}.Release|x86.Build.0 = Release|Any CPU
		{E39C23B4-5850-4B64-A800-DCEACDD13E2E}.Debug|Any CPU.ActiveCfg = Debug|Any CPU
		{E39C23B4-5850-4B64-A800-DCEACDD13E2E}.Debug|Any CPU.Build.0 = Debug|Any CPU
		{E39C23B4-5850-4B64-A800-DCEACDD13E2E}.Debug|x64.ActiveCfg = Debug|Any CPU
		{E39C23B4-5850-4B64-A800-DCEACDD13E2E}.Debug|x64.Build.0 = Debug|Any CPU
		{E39C23B4-5850-4B64-A800-DCEACDD13E2E}.Debug|x86.ActiveCfg = Debug|Any CPU
		{E39C23B4-5850-4B64-A800-DCEACDD13E2E}.Debug|x86.Build.0 = Debug|Any CPU
		{E39C23B4-5850-4B64-A800-DCEACDD13E2E}.Release|Any CPU.ActiveCfg = Release|Any CPU
		{E39C23B4-5850-4B64-A800-DCEACDD13E2E}.Release|Any CPU.Build.0 = Release|Any CPU
		{E39C23B4-5850-4B64-A800-DCEACDD13E2E}.Release|x64.ActiveCfg = Release|Any CPU
		{E39C23B4-5850-4B64-A800-DCEACDD13E2E}.Release|x64.Build.0 = Release|Any CPU
		{E39C23B4-5850-4B64-A800-DCEACDD13E2E}.Release|x86.ActiveCfg = Release|Any CPU
		{E39C23B4-5850-4B64-A800-DCEACDD13E2E}.Release|x86.Build.0 = Release|Any CPU
		{43A1AAFE-5E06-4194-A819-DB173E8C56A1}.Debug|Any CPU.ActiveCfg = Debug|Any CPU
		{43A1AAFE-5E06-4194-A819-DB173E8C56A1}.Debug|Any CPU.Build.0 = Debug|Any CPU
		{43A1AAFE-5E06-4194-A819-DB173E8C56A1}.Debug|x64.ActiveCfg = Debug|Any CPU
		{43A1AAFE-5E06-4194-A819-DB173E8C56A1}.Debug|x64.Build.0 = Debug|Any CPU
		{43A1AAFE-5E06-4194-A819-DB173E8C56A1}.Debug|x86.ActiveCfg = Debug|Any CPU
		{43A1AAFE-5E06-4194-A819-DB173E8C56A1}.Debug|x86.Build.0 = Debug|Any CPU
		{43A1AAFE-5E06-4194-A819-DB173E8C56A1}.Release|Any CPU.ActiveCfg = Release|Any CPU
		{43A1AAFE-5E06-4194-A819-DB173E8C56A1}.Release|Any CPU.Build.0 = Release|Any CPU
		{43A1AAFE-5E06-4194-A819-DB173E8C56A1}.Release|x64.ActiveCfg = Release|Any CPU
		{43A1AAFE-5E06-4194-A819-DB173E8C56A1}.Release|x64.Build.0 = Release|Any CPU
		{43A1AAFE-5E06-4194-A819-DB173E8C56A1}.Release|x86.ActiveCfg = Release|Any CPU
		{43A1AAFE-5E06-4194-A819-DB173E8C56A1}.Release|x86.Build.0 = Release|Any CPU
		{EF4625A9-4B3A-4BAD-A4F9-F990A698451E}.Debug|Any CPU.ActiveCfg = Debug|Any CPU
		{EF4625A9-4B3A-4BAD-A4F9-F990A698451E}.Debug|Any CPU.Build.0 = Debug|Any CPU
		{EF4625A9-4B3A-4BAD-A4F9-F990A698451E}.Debug|x64.ActiveCfg = Debug|Any CPU
		{EF4625A9-4B3A-4BAD-A4F9-F990A698451E}.Debug|x64.Build.0 = Debug|Any CPU
		{EF4625A9-4B3A-4BAD-A4F9-F990A698451E}.Debug|x86.ActiveCfg = Debug|Any CPU
		{EF4625A9-4B3A-4BAD-A4F9-F990A698451E}.Debug|x86.Build.0 = Debug|Any CPU
		{EF4625A9-4B3A-4BAD-A4F9-F990A698451E}.Release|Any CPU.ActiveCfg = Release|Any CPU
		{EF4625A9-4B3A-4BAD-A4F9-F990A698451E}.Release|Any CPU.Build.0 = Release|Any CPU
		{EF4625A9-4B3A-4BAD-A4F9-F990A698451E}.Release|x64.ActiveCfg = Release|Any CPU
		{EF4625A9-4B3A-4BAD-A4F9-F990A698451E}.Release|x64.Build.0 = Release|Any CPU
		{EF4625A9-4B3A-4BAD-A4F9-F990A698451E}.Release|x86.ActiveCfg = Release|Any CPU
		{EF4625A9-4B3A-4BAD-A4F9-F990A698451E}.Release|x86.Build.0 = Release|Any CPU
		{0E898CD7-2FEE-496C-8468-7B3C6AE03067}.Debug|Any CPU.ActiveCfg = Debug|Any CPU
		{0E898CD7-2FEE-496C-8468-7B3C6AE03067}.Debug|Any CPU.Build.0 = Debug|Any CPU
		{0E898CD7-2FEE-496C-8468-7B3C6AE03067}.Debug|x64.ActiveCfg = Debug|Any CPU
		{0E898CD7-2FEE-496C-8468-7B3C6AE03067}.Debug|x64.Build.0 = Debug|Any CPU
		{0E898CD7-2FEE-496C-8468-7B3C6AE03067}.Debug|x86.ActiveCfg = Debug|Any CPU
		{0E898CD7-2FEE-496C-8468-7B3C6AE03067}.Debug|x86.Build.0 = Debug|Any CPU
		{0E898CD7-2FEE-496C-8468-7B3C6AE03067}.Release|Any CPU.ActiveCfg = Release|Any CPU
		{0E898CD7-2FEE-496C-8468-7B3C6AE03067}.Release|Any CPU.Build.0 = Release|Any CPU
		{0E898CD7-2FEE-496C-8468-7B3C6AE03067}.Release|x64.ActiveCfg = Release|Any CPU
		{0E898CD7-2FEE-496C-8468-7B3C6AE03067}.Release|x64.Build.0 = Release|Any CPU
		{0E898CD7-2FEE-496C-8468-7B3C6AE03067}.Release|x86.ActiveCfg = Release|Any CPU
		{0E898CD7-2FEE-496C-8468-7B3C6AE03067}.Release|x86.Build.0 = Release|Any CPU
		{DD07D2CA-F1E8-461C-ABF1-6A758B7A8D0C}.Debug|Any CPU.ActiveCfg = Debug|Any CPU
		{DD07D2CA-F1E8-461C-ABF1-6A758B7A8D0C}.Debug|Any CPU.Build.0 = Debug|Any CPU
		{DD07D2CA-F1E8-461C-ABF1-6A758B7A8D0C}.Debug|x64.ActiveCfg = Debug|Any CPU
		{DD07D2CA-F1E8-461C-ABF1-6A758B7A8D0C}.Debug|x64.Build.0 = Debug|Any CPU
		{DD07D2CA-F1E8-461C-ABF1-6A758B7A8D0C}.Debug|x86.ActiveCfg = Debug|Any CPU
		{DD07D2CA-F1E8-461C-ABF1-6A758B7A8D0C}.Debug|x86.Build.0 = Debug|Any CPU
		{DD07D2CA-F1E8-461C-ABF1-6A758B7A8D0C}.Release|Any CPU.ActiveCfg = Release|Any CPU
		{DD07D2CA-F1E8-461C-ABF1-6A758B7A8D0C}.Release|Any CPU.Build.0 = Release|Any CPU
		{DD07D2CA-F1E8-461C-ABF1-6A758B7A8D0C}.Release|x64.ActiveCfg = Release|Any CPU
		{DD07D2CA-F1E8-461C-ABF1-6A758B7A8D0C}.Release|x64.Build.0 = Release|Any CPU
		{DD07D2CA-F1E8-461C-ABF1-6A758B7A8D0C}.Release|x86.ActiveCfg = Release|Any CPU
		{DD07D2CA-F1E8-461C-ABF1-6A758B7A8D0C}.Release|x86.Build.0 = Release|Any CPU
		{D4D3D81C-2844-440C-A8E4-EB5A3A8D0ECA}.Debug|Any CPU.ActiveCfg = Debug|Any CPU
		{D4D3D81C-2844-440C-A8E4-EB5A3A8D0ECA}.Debug|Any CPU.Build.0 = Debug|Any CPU
		{D4D3D81C-2844-440C-A8E4-EB5A3A8D0ECA}.Debug|x64.ActiveCfg = Debug|Any CPU
		{D4D3D81C-2844-440C-A8E4-EB5A3A8D0ECA}.Debug|x64.Build.0 = Debug|Any CPU
		{D4D3D81C-2844-440C-A8E4-EB5A3A8D0ECA}.Debug|x86.ActiveCfg = Debug|Any CPU
		{D4D3D81C-2844-440C-A8E4-EB5A3A8D0ECA}.Debug|x86.Build.0 = Debug|Any CPU
		{D4D3D81C-2844-440C-A8E4-EB5A3A8D0ECA}.Release|Any CPU.ActiveCfg = Release|Any CPU
		{D4D3D81C-2844-440C-A8E4-EB5A3A8D0ECA}.Release|Any CPU.Build.0 = Release|Any CPU
		{D4D3D81C-2844-440C-A8E4-EB5A3A8D0ECA}.Release|x64.ActiveCfg = Release|Any CPU
		{D4D3D81C-2844-440C-A8E4-EB5A3A8D0ECA}.Release|x64.Build.0 = Release|Any CPU
		{D4D3D81C-2844-440C-A8E4-EB5A3A8D0ECA}.Release|x86.ActiveCfg = Release|Any CPU
		{D4D3D81C-2844-440C-A8E4-EB5A3A8D0ECA}.Release|x86.Build.0 = Release|Any CPU
		{4944C400-36A4-4C13-BFA6-A3A24453F13B}.Debug|Any CPU.ActiveCfg = Debug|Any CPU
		{4944C400-36A4-4C13-BFA6-A3A24453F13B}.Debug|Any CPU.Build.0 = Debug|Any CPU
		{4944C400-36A4-4C13-BFA6-A3A24453F13B}.Debug|x64.ActiveCfg = Debug|Any CPU
		{4944C400-36A4-4C13-BFA6-A3A24453F13B}.Debug|x64.Build.0 = Debug|Any CPU
		{4944C400-36A4-4C13-BFA6-A3A24453F13B}.Debug|x86.ActiveCfg = Debug|Any CPU
		{4944C400-36A4-4C13-BFA6-A3A24453F13B}.Debug|x86.Build.0 = Debug|Any CPU
		{4944C400-36A4-4C13-BFA6-A3A24453F13B}.Release|Any CPU.ActiveCfg = Release|Any CPU
		{4944C400-36A4-4C13-BFA6-A3A24453F13B}.Release|Any CPU.Build.0 = Release|Any CPU
		{4944C400-36A4-4C13-BFA6-A3A24453F13B}.Release|x64.ActiveCfg = Release|Any CPU
		{4944C400-36A4-4C13-BFA6-A3A24453F13B}.Release|x64.Build.0 = Release|Any CPU
		{4944C400-36A4-4C13-BFA6-A3A24453F13B}.Release|x86.ActiveCfg = Release|Any CPU
		{4944C400-36A4-4C13-BFA6-A3A24453F13B}.Release|x86.Build.0 = Release|Any CPU
		{CFFA752F-42CC-422C-9AF7-4B090795A8FB}.Debug|Any CPU.ActiveCfg = Debug|Any CPU
		{CFFA752F-42CC-422C-9AF7-4B090795A8FB}.Debug|Any CPU.Build.0 = Debug|Any CPU
		{CFFA752F-42CC-422C-9AF7-4B090795A8FB}.Debug|x64.ActiveCfg = Debug|Any CPU
		{CFFA752F-42CC-422C-9AF7-4B090795A8FB}.Debug|x64.Build.0 = Debug|Any CPU
		{CFFA752F-42CC-422C-9AF7-4B090795A8FB}.Debug|x86.ActiveCfg = Debug|Any CPU
		{CFFA752F-42CC-422C-9AF7-4B090795A8FB}.Debug|x86.Build.0 = Debug|Any CPU
		{CFFA752F-42CC-422C-9AF7-4B090795A8FB}.Release|Any CPU.ActiveCfg = Release|Any CPU
		{CFFA752F-42CC-422C-9AF7-4B090795A8FB}.Release|Any CPU.Build.0 = Release|Any CPU
		{CFFA752F-42CC-422C-9AF7-4B090795A8FB}.Release|x64.ActiveCfg = Release|Any CPU
		{CFFA752F-42CC-422C-9AF7-4B090795A8FB}.Release|x64.Build.0 = Release|Any CPU
		{CFFA752F-42CC-422C-9AF7-4B090795A8FB}.Release|x86.ActiveCfg = Release|Any CPU
		{CFFA752F-42CC-422C-9AF7-4B090795A8FB}.Release|x86.Build.0 = Release|Any CPU
		{ECAF459C-9235-4384-A6C7-2B60125B7834}.Debug|Any CPU.ActiveCfg = Debug|Any CPU
		{ECAF459C-9235-4384-A6C7-2B60125B7834}.Debug|Any CPU.Build.0 = Debug|Any CPU
		{ECAF459C-9235-4384-A6C7-2B60125B7834}.Debug|x64.ActiveCfg = Debug|Any CPU
		{ECAF459C-9235-4384-A6C7-2B60125B7834}.Debug|x64.Build.0 = Debug|Any CPU
		{ECAF459C-9235-4384-A6C7-2B60125B7834}.Debug|x86.ActiveCfg = Debug|Any CPU
		{ECAF459C-9235-4384-A6C7-2B60125B7834}.Debug|x86.Build.0 = Debug|Any CPU
		{ECAF459C-9235-4384-A6C7-2B60125B7834}.Release|Any CPU.ActiveCfg = Release|Any CPU
		{ECAF459C-9235-4384-A6C7-2B60125B7834}.Release|Any CPU.Build.0 = Release|Any CPU
		{ECAF459C-9235-4384-A6C7-2B60125B7834}.Release|x64.ActiveCfg = Release|Any CPU
		{ECAF459C-9235-4384-A6C7-2B60125B7834}.Release|x64.Build.0 = Release|Any CPU
		{ECAF459C-9235-4384-A6C7-2B60125B7834}.Release|x86.ActiveCfg = Release|Any CPU
		{ECAF459C-9235-4384-A6C7-2B60125B7834}.Release|x86.Build.0 = Release|Any CPU
	EndGlobalSection
	GlobalSection(SolutionProperties) = preSolution
		HideSolutionNode = FALSE
	EndGlobalSection
	GlobalSection(ExtensibilityGlobals) = postSolution
		SolutionGuid = {0D10ADB2-7AA2-43ED-B043-23856B594338}
	EndGlobalSection
EndGlobal
