
Microsoft Visual Studio Solution File, Format Version 12.00
# Visual Studio 15
VisualStudioVersion = 15.0.26730.12
MinimumVisualStudioVersion = 10.0.40219.1
Project("{FAE04EC0-301F-11D3-BF4B-00C04F79EFBC}") = "CodeGenerator", "CodeGenerator\CodeGenerator.csproj", "{8CCCE98B-937F-40D8-80BB-72C7F20DFEE5}"
EndProject
Project("{8BC9CEB8-8B4A-11D0-8D11-00A0C91BC942}") = "ConfigTest", "ConfigTest\ConfigTest.vcxproj", "{24AAED69-3B75-4781-A590-961FCCDBB131}"
EndProject
Project("{FAE04EC0-301F-11D3-BF4B-00C04F79EFBC}") = "CodeGeneratorTest", "CodeGeneratorTest\CodeGeneratorTest.csproj", "{ECE79366-AF69-4F2F-8B04-E470EF5C4076}"
EndProject
Project("{FAE04EC0-301F-11D3-BF4B-00C04F79EFBC}") = "CPPParser", "CodeGenerator\ConsoleApp2\CPPParser.csproj", "{1F805E85-0449-4037-8FB7-082163AE14FF}"
EndProject
Global
	GlobalSection(SolutionConfigurationPlatforms) = preSolution
		Debug|Any CPU = Debug|Any CPU
		Debug|x64 = Debug|x64
		Debug|x86 = Debug|x86
		Release|Any CPU = Release|Any CPU
		Release|x64 = Release|x64
		Release|x86 = Release|x86
	EndGlobalSection
	GlobalSection(ProjectConfigurationPlatforms) = postSolution
		{8CCCE98B-937F-40D8-80BB-72C7F20DFEE5}.Debug|Any CPU.ActiveCfg = Debug|Any CPU
		{8CCCE98B-937F-40D8-80BB-72C7F20DFEE5}.Debug|Any CPU.Build.0 = Debug|Any CPU
		{8CCCE98B-937F-40D8-80BB-72C7F20DFEE5}.Debug|x64.ActiveCfg = Debug|Any CPU
		{8CCCE98B-937F-40D8-80BB-72C7F20DFEE5}.Debug|x64.Build.0 = Debug|Any CPU
		{8CCCE98B-937F-40D8-80BB-72C7F20DFEE5}.Debug|x86.ActiveCfg = Debug|Any CPU
		{8CCCE98B-937F-40D8-80BB-72C7F20DFEE5}.Debug|x86.Build.0 = Debug|Any CPU
		{8CCCE98B-937F-40D8-80BB-72C7F20DFEE5}.Release|Any CPU.ActiveCfg = Release|Any CPU
		{8CCCE98B-937F-40D8-80BB-72C7F20DFEE5}.Release|Any CPU.Build.0 = Release|Any CPU
		{8CCCE98B-937F-40D8-80BB-72C7F20DFEE5}.Release|x64.ActiveCfg = Release|Any CPU
		{8CCCE98B-937F-40D8-80BB-72C7F20DFEE5}.Release|x64.Build.0 = Release|Any CPU
		{8CCCE98B-937F-40D8-80BB-72C7F20DFEE5}.Release|x86.ActiveCfg = Release|Any CPU
		{8CCCE98B-937F-40D8-80BB-72C7F20DFEE5}.Release|x86.Build.0 = Release|Any CPU
		{24AAED69-3B75-4781-A590-961FCCDBB131}.Debug|Any CPU.ActiveCfg = Debug|Win32
		{24AAED69-3B75-4781-A590-961FCCDBB131}.Debug|x64.ActiveCfg = Debug|x64
		{24AAED69-3B75-4781-A590-961FCCDBB131}.Debug|x64.Build.0 = Debug|x64
		{24AAED69-3B75-4781-A590-961FCCDBB131}.Debug|x86.ActiveCfg = Debug|Win32
		{24AAED69-3B75-4781-A590-961FCCDBB131}.Debug|x86.Build.0 = Debug|Win32
		{24AAED69-3B75-4781-A590-961FCCDBB131}.Release|Any CPU.ActiveCfg = Release|Win32
		{24AAED69-3B75-4781-A590-961FCCDBB131}.Release|x64.ActiveCfg = Release|x64
		{24AAED69-3B75-4781-A590-961FCCDBB131}.Release|x64.Build.0 = Release|x64
		{24AAED69-3B75-4781-A590-961FCCDBB131}.Release|x86.ActiveCfg = Release|Win32
		{24AAED69-3B75-4781-A590-961FCCDBB131}.Release|x86.Build.0 = Release|Win32
		{ECE79366-AF69-4F2F-8B04-E470EF5C4076}.Debug|Any CPU.ActiveCfg = Debug|Any CPU
		{ECE79366-AF69-4F2F-8B04-E470EF5C4076}.Debug|Any CPU.Build.0 = Debug|Any CPU
		{ECE79366-AF69-4F2F-8B04-E470EF5C4076}.Debug|x64.ActiveCfg = Debug|Any CPU
		{ECE79366-AF69-4F2F-8B04-E470EF5C4076}.Debug|x64.Build.0 = Debug|Any CPU
		{ECE79366-AF69-4F2F-8B04-E470EF5C4076}.Debug|x86.ActiveCfg = Debug|Any CPU
		{ECE79366-AF69-4F2F-8B04-E470EF5C4076}.Debug|x86.Build.0 = Debug|Any CPU
		{ECE79366-AF69-4F2F-8B04-E470EF5C4076}.Release|Any CPU.ActiveCfg = Release|Any CPU
		{ECE79366-AF69-4F2F-8B04-E470EF5C4076}.Release|Any CPU.Build.0 = Release|Any CPU
		{ECE79366-AF69-4F2F-8B04-E470EF5C4076}.Release|x64.ActiveCfg = Release|Any CPU
		{ECE79366-AF69-4F2F-8B04-E470EF5C4076}.Release|x64.Build.0 = Release|Any CPU
		{ECE79366-AF69-4F2F-8B04-E470EF5C4076}.Release|x86.ActiveCfg = Release|Any CPU
		{ECE79366-AF69-4F2F-8B04-E470EF5C4076}.Release|x86.Build.0 = Release|Any CPU
		{1F805E85-0449-4037-8FB7-082163AE14FF}.Debug|Any CPU.ActiveCfg = Debug|Any CPU
		{1F805E85-0449-4037-8FB7-082163AE14FF}.Debug|Any CPU.Build.0 = Debug|Any CPU
		{1F805E85-0449-4037-8FB7-082163AE14FF}.Debug|x64.ActiveCfg = Debug|x64
		{1F805E85-0449-4037-8FB7-082163AE14FF}.Debug|x64.Build.0 = Debug|x64
		{1F805E85-0449-4037-8FB7-082163AE14FF}.Debug|x86.ActiveCfg = Debug|Any CPU
		{1F805E85-0449-4037-8FB7-082163AE14FF}.Debug|x86.Build.0 = Debug|Any CPU
		{1F805E85-0449-4037-8FB7-082163AE14FF}.Release|Any CPU.ActiveCfg = Release|Any CPU
		{1F805E85-0449-4037-8FB7-082163AE14FF}.Release|Any CPU.Build.0 = Release|Any CPU
		{1F805E85-0449-4037-8FB7-082163AE14FF}.Release|x64.ActiveCfg = Release|x64
		{1F805E85-0449-4037-8FB7-082163AE14FF}.Release|x64.Build.0 = Release|x64
		{1F805E85-0449-4037-8FB7-082163AE14FF}.Release|x86.ActiveCfg = Release|Any CPU
		{1F805E85-0449-4037-8FB7-082163AE14FF}.Release|x86.Build.0 = Release|Any CPU
	EndGlobalSection
	GlobalSection(SolutionProperties) = preSolution
		HideSolutionNode = FALSE
	EndGlobalSection
	GlobalSection(ExtensibilityGlobals) = postSolution
		SolutionGuid = {0D10ADB2-7AA2-43ED-B043-23856B594338}
	EndGlobalSection
EndGlobal
