<?xml version="1.0" encoding="utf-8"?>
<Project xmlns:xsi="http://www.w3.org/2001/XMLSchema-instance" xmlns:xsd="http://www.w3.org/2001/XMLSchema" ToolsVersion="4.0" xmlns="http://schemas.microsoft.com/developer/msbuild/2003">
  <ItemGroup>
    <Filter Include="Source Files">
      <UniqueIdentifier>{4FC737F1-C7A5-4376-A066-2A32D752A2FF}</UniqueIdentifier>
      <Extensions>cpp;c;cc;cxx;def;odl;idl;hpj;bat;asm;asmx</Extensions>
    </Filter>
    <Filter Include="Header Files">
      <UniqueIdentifier>{93995380-89BD-4b04-88EB-625FBE52EBFB}</UniqueIdentifier>
      <Extensions>h;hh;hpp;hxx;hm;inl;inc;xsd</Extensions>
    </Filter>
    <Filter Include="Resource Files">
      <UniqueIdentifier>{67DA6AB6-F800-4c08-8B7A-83BB121AAD01}</UniqueIdentifier>
      <Extensions>rc;ico;cur;bmp;dlg;rc2;rct;bin;rgs;gif;jpg;jpeg;jpe;resx;tiff;tif;png;wav;mfcribbon-ms</Extensions>
    </Filter>
    <Filter Include="Config">
      <UniqueIdentifier>{3d31b5c8-deee-4007-ac1f-3bfed42c0a37}</UniqueIdentifier>
    </Filter>
    <Filter Include="LibraryDependencies">
      <UniqueIdentifier>{92318434-5144-2460-2413-160744259330}</UniqueIdentifier>
      <Extensions />
    </Filter>
    <Filter Include="LibraryDependencies\modaaConf1">
      <UniqueIdentifier>{85232253-5398-8174-3835-696446179705}</UniqueIdentifier>
      <Extensions />
    </Filter>
    <Filter Include="LibraryDependencies\modaaConf1\MODE0">
      <UniqueIdentifier>{38356262-5269-2735-5942-790019907931}</UniqueIdentifier>
      <Extensions />
    </Filter>
  </ItemGroup>
  <ItemGroup>
    <ClInclude Include="SomeLibraryClass.h">
      <Filter>Header Files</Filter>
    </ClInclude>
    <ClInclude Include="Configuration4.h">
      <Filter>Header Files</Filter>
    </ClInclude>
    <ClInclude Include="Config\modaConf.h">
      <Filter>Config</Filter>
    </ClInclude>
    <ClInclude Include="Config\ConfigurationCG.h">
      <Filter>Config</Filter>
    </ClInclude>
    <ClInclude Include="LibraryDependencies\modaaConf1\MODE0\ClassToInterfaceWith.h">
      <Filter>LibraryDependencies\modaaConf1\MODE0</Filter>
    </ClInclude>
    <ClInclude Include="LibraryDependencies\modaaConf1\MODE0\SomaLibraryClassM1AA.h">
      <Filter>LibraryDependencies\modaaConf1\MODE0</Filter>
    </ClInclude>
    <ClInclude Include="LibraryDependencies\modaaConf1\MODE0\rg.h">
      <Filter>LibraryDependencies\modaaConf1\MODE0</Filter>
    </ClInclude>
  </ItemGroup>
  <ItemGroup>
    <ClCompile Include="main.cpp">
      <Filter>Source Files</Filter>
    </ClCompile>
    <ClCompile Include="SomeLibraryClass.cpp">
      <Filter>Source Files</Filter>
    </ClCompile>
    <ClCompile Include="Config\mainCG.cpp">
      <Filter>Config</Filter>
    </ClCompile>
    <ClCompile Include="LibraryDependencies\modaaConf1\MODE0\ClassToInterfaceWith.cpp">
      <Filter>LibraryDependencies\modaaConf1\MODE0</Filter>
    </ClCompile>
    <ClCompile Include="LibraryDependencies\modaaConf1\MODE0\SomaLibraryClassM1AA.cpp">
      <Filter>LibraryDependencies\modaaConf1\MODE0</Filter>
    </ClCompile>
    <ClCompile Include="LibraryDependencies\modaaConf1\MODE0\rg.cpp">
      <Filter>LibraryDependencies\modaaConf1\MODE0</Filter>
    </ClCompile>
  </ItemGroup>
</Project>